{
    "_readme": [
        "This file locks the dependencies of your project to a known state",
        "Read more about it at https://getcomposer.org/doc/01-basic-usage.md#installing-dependencies",
        "This file is @generated automatically"
    ],
    "content-hash": "a04fcc946caab8a9a5550fa636df2f56",
    "packages": [
        {
            "name": "claviska/simpleimage",
            "version": "3.3.3",
            "source": {
                "type": "git",
                "url": "https://github.com/claviska/SimpleImage.git",
                "reference": "31ba5b8358e1663a2813e2ada7242fa8d97a96dc"
            },
            "dist": {
                "type": "zip",
                "url": "https://api.github.com/repos/claviska/SimpleImage/zipball/31ba5b8358e1663a2813e2ada7242fa8d97a96dc",
                "reference": "31ba5b8358e1663a2813e2ada7242fa8d97a96dc",
                "shasum": ""
            },
            "require": {
                "ext-gd": "*",
                "league/color-extractor": "0.3.*",
                "php": ">=5.6.0"
            },
            "type": "library",
            "autoload": {
                "psr-0": {
                    "claviska": "src/"
                }
            },
            "notification-url": "https://packagist.org/downloads/",
            "license": [
                "MIT"
            ],
            "authors": [
                {
                    "name": "Cory LaViska",
                    "homepage": "http://www.abeautifulsite.net/",
                    "role": "Developer"
                }
            ],
            "description": "A PHP class that makes working with images as simple as possible.",
            "time": "2017-09-12T09:03:56+00:00"
        },
        {
            "name": "distantnative/retour-for-kirby",
            "version": "2.3.1",
            "source": {
                "type": "git",
                "url": "https://github.com/distantnative/retour-for-kirby.git",
                "reference": "d5538831ce5b3fce37387f476a0085db11b2d236"
            },
            "dist": {
                "type": "zip",
                "url": "https://api.github.com/repos/distantnative/retour-for-kirby/zipball/d5538831ce5b3fce37387f476a0085db11b2d236",
                "reference": "d5538831ce5b3fce37387f476a0085db11b2d236",
                "shasum": ""
            },
            "require": {
                "getkirby/composer-installer": "^1.1"
            },
            "type": "kirby-plugin",
            "autoload": {
                "psr-4": {
                    "distantnative\\Retour\\": "src/models/"
                }
            },
            "notification-url": "https://packagist.org/downloads/",
            "license": [
                "MIT"
            ],
            "authors": [
                {
                    "name": "Nico Hoffmann",
                    "email": "on-github@nhoffmann.com"
                }
            ],
            "description": "Redirects and error tracking for Kirby",
            "keywords": [
                "errors",
                "kirby3",
                "kirby3-cms",
                "kirby3-plugin",
                "redirects",
                "routing"
            ],
            "time": "2020-01-04T06:15:17+00:00"
        },
        {
            "name": "filp/whoops",
            "version": "2.3.1",
            "source": {
                "type": "git",
                "url": "https://github.com/filp/whoops.git",
                "reference": "bc0fd11bc455cc20ee4b5edabc63ebbf859324c7"
            },
            "dist": {
                "type": "zip",
                "url": "https://api.github.com/repos/filp/whoops/zipball/bc0fd11bc455cc20ee4b5edabc63ebbf859324c7",
                "reference": "bc0fd11bc455cc20ee4b5edabc63ebbf859324c7",
                "shasum": ""
            },
            "require": {
                "php": "^5.5.9 || ^7.0",
                "psr/log": "^1.0.1"
            },
            "require-dev": {
                "mockery/mockery": "^0.9 || ^1.0",
                "phpunit/phpunit": "^4.8.35 || ^5.7",
                "symfony/var-dumper": "^2.6 || ^3.0 || ^4.0"
            },
            "suggest": {
                "symfony/var-dumper": "Pretty print complex values better with var-dumper available",
                "whoops/soap": "Formats errors as SOAP responses"
            },
            "type": "library",
            "extra": {
                "branch-alias": {
                    "dev-master": "2.2-dev"
                }
            },
            "autoload": {
                "psr-4": {
                    "Whoops\\": "src/Whoops/"
                }
            },
            "notification-url": "https://packagist.org/downloads/",
            "license": [
                "MIT"
            ],
            "authors": [
                {
                    "name": "Filipe Dobreira",
                    "homepage": "https://github.com/filp",
                    "role": "Developer"
                }
            ],
            "description": "php error handling for cool kids",
            "homepage": "https://filp.github.io/whoops/",
            "keywords": [
                "error",
                "exception",
                "handling",
                "library",
                "throwable",
                "whoops"
            ],
            "time": "2018-10-23T09:00:00+00:00"
        },
        {
            "name": "flokosiol/focus",
            "version": "3.0.4",
            "source": {
                "type": "git",
                "url": "https://github.com/flokosiol/kirby-focus.git",
                "reference": "6fb0cbf698c4a45890094cea8d75ce753fe26f3d"
            },
            "dist": {
                "type": "zip",
                "url": "https://api.github.com/repos/flokosiol/kirby-focus/zipball/6fb0cbf698c4a45890094cea8d75ce753fe26f3d",
                "reference": "6fb0cbf698c4a45890094cea8d75ce753fe26f3d",
                "shasum": ""
            },
            "require": {
                "getkirby/composer-installer": "^1.1"
            },
            "type": "kirby-plugin",
            "notification-url": "https://packagist.org/downloads/",
            "license": [
                "MIT"
            ],
            "authors": [
                {
                    "name": "Flo Kosiol",
                    "email": "git@flokosiol.de"
                }
            ],
            "description": "Better image cropping for Kirby CMS",
            "time": "2020-01-12T21:19:00+00:00"
        },
        {
            "name": "getkirby/cms",
            "version": "3.3.4",
            "source": {
                "type": "git",
                "url": "https://github.com/getkirby/kirby.git",
                "reference": "0330c0ae4214cde349710b099a770fffd0971b4e"
            },
            "dist": {
                "type": "zip",
                "url": "https://api.github.com/repos/getkirby/kirby/zipball/0330c0ae4214cde349710b099a770fffd0971b4e",
                "reference": "0330c0ae4214cde349710b099a770fffd0971b4e",
                "shasum": ""
            },
            "require": {
                "claviska/simpleimage": "3.3.3",
                "ext-ctype": "*",
                "ext-mbstring": "*",
                "filp/whoops": "2.3.1",
                "getkirby/composer-installer": "^1.0",
                "laminas/laminas-escaper": "2.6.0",
                "michelf/php-smartypants": "1.8.1",
                "mustangostang/spyc": "0.6.2",
                "php": ">=7.1.0",
                "phpmailer/phpmailer": "6.0.7",
                "true/punycode": "2.1.1"
            },
            "type": "kirby-cms",
            "autoload": {
                "files": [
                    "config/setup.php"
                ],
                "classmap": [
                    "dependencies/"
                ],
                "psr-4": {
                    "Kirby\\": "src/"
                }
            },
            "notification-url": "https://packagist.org/downloads/",
            "license": [
                "proprietary"
            ],
            "authors": [
                {
                    "name": "Kirby Team",
                    "email": "support@getkirby.com",
                    "homepage": "https://getkirby.com"
                }
            ],
            "description": "The Kirby 3 core",
            "homepage": "https://getkirby.com",
            "keywords": [
                "cms",
                "core",
                "kirby"
            ],
            "time": "2020-02-18T08:42:36+00:00"
        },
        {
            "name": "getkirby/composer-installer",
            "version": "1.1.4",
            "source": {
                "type": "git",
                "url": "https://github.com/getkirby/composer-installer.git",
                "reference": "2d6b8f5601a31caeeea45623e1643fbb437eb94e"
            },
            "dist": {
                "type": "zip",
                "url": "https://api.github.com/repos/getkirby/composer-installer/zipball/2d6b8f5601a31caeeea45623e1643fbb437eb94e",
                "reference": "2d6b8f5601a31caeeea45623e1643fbb437eb94e",
                "shasum": ""
            },
            "require": {
                "composer-plugin-api": "^1.0"
            },
            "require-dev": {
                "composer/composer": "^1.8",
                "phpunit/phpunit": "^7.0"
            },
            "type": "composer-plugin",
            "extra": {
                "class": "Kirby\\ComposerInstaller\\Plugin"
            },
            "autoload": {
                "psr-4": {
                    "Kirby\\": "src/"
                }
            },
            "notification-url": "https://packagist.org/downloads/",
            "license": [
                "MIT"
            ],
            "description": "Kirby's custom Composer installer for the Kirby CMS and for Kirby plugins",
            "homepage": "https://getkirby.com",
            "time": "2019-02-11T20:27:36+00:00"
        },
        {
            "name": "laminas/laminas-escaper",
            "version": "2.6.0",
            "source": {
                "type": "git",
                "url": "https://github.com/laminas/laminas-escaper.git",
                "reference": "72d3a14647f6234cdd9386d6de821a98e539af91"
            },
            "dist": {
                "type": "zip",
                "url": "https://api.github.com/repos/laminas/laminas-escaper/zipball/72d3a14647f6234cdd9386d6de821a98e539af91",
                "reference": "72d3a14647f6234cdd9386d6de821a98e539af91",
                "shasum": ""
            },
            "require": {
                "laminas/laminas-zendframework-bridge": "^1.0",
                "php": "^5.6 || ^7.0"
            },
            "replace": {
                "zendframework/zend-escaper": "self.version"
            },
            "require-dev": {
                "laminas/laminas-coding-standard": "~1.0.0",
                "phpunit/phpunit": "^5.7.27 || ^6.5.8 || ^7.1.2"
            },
            "type": "library",
            "extra": {
                "branch-alias": {
                    "dev-master": "2.6.x-dev",
                    "dev-develop": "2.7.x-dev"
                }
            },
            "autoload": {
                "psr-4": {
                    "Laminas\\Escaper\\": "src/"
                }
            },
            "notification-url": "https://packagist.org/downloads/",
            "license": [
                "BSD-3-Clause"
            ],
            "description": "Securely and safely escape HTML, HTML attributes, JavaScript, CSS, and URLs",
            "homepage": "https://laminas.dev",
            "keywords": [
                "escaper",
                "laminas"
            ],
            "time": "2019-12-31T16:43:29+00:00"
        },
        {
            "name": "laminas/laminas-zendframework-bridge",
            "version": "1.0.1",
            "source": {
                "type": "git",
                "url": "https://github.com/laminas/laminas-zendframework-bridge.git",
                "reference": "0fb9675b84a1666ab45182b6c5b29956921e818d"
            },
            "dist": {
                "type": "zip",
                "url": "https://api.github.com/repos/laminas/laminas-zendframework-bridge/zipball/0fb9675b84a1666ab45182b6c5b29956921e818d",
                "reference": "0fb9675b84a1666ab45182b6c5b29956921e818d",
                "shasum": ""
            },
            "require": {
                "php": "^5.6 || ^7.0"
            },
            "require-dev": {
                "phpunit/phpunit": "^5.7 || ^6.5 || ^7.5 || ^8.1",
                "squizlabs/php_codesniffer": "^3.5"
            },
            "type": "library",
            "extra": {
                "branch-alias": {
                    "dev-master": "1.0.x-dev",
                    "dev-develop": "1.1.x-dev"
                },
                "laminas": {
                    "module": "Laminas\\ZendFrameworkBridge"
                }
            },
            "autoload": {
                "files": [
                    "src/autoload.php"
                ],
                "psr-4": {
                    "Laminas\\ZendFrameworkBridge\\": "src//"
                }
            },
            "notification-url": "https://packagist.org/downloads/",
            "license": [
                "BSD-3-Clause"
            ],
            "description": "Alias legacy ZF class names to Laminas Project equivalents.",
            "keywords": [
                "ZendFramework",
                "autoloading",
                "laminas",
                "zf"
            ],
            "time": "2020-01-07T22:58:31+00:00"
        },
        {
            "name": "league/color-extractor",
            "version": "0.3.2",
            "source": {
                "type": "git",
                "url": "https://github.com/thephpleague/color-extractor.git",
                "reference": "837086ec60f50c84c611c613963e4ad2e2aec806"
            },
            "dist": {
                "type": "zip",
                "url": "https://api.github.com/repos/thephpleague/color-extractor/zipball/837086ec60f50c84c611c613963e4ad2e2aec806",
                "reference": "837086ec60f50c84c611c613963e4ad2e2aec806",
                "shasum": ""
            },
            "require": {
                "ext-gd": "*",
                "php": ">=5.4.0"
            },
            "replace": {
                "matthecat/colorextractor": "*"
            },
            "require-dev": {
                "friendsofphp/php-cs-fixer": "~2",
                "phpunit/phpunit": "~5"
            },
            "type": "library",
            "autoload": {
                "psr-4": {
                    "": "src"
                }
            },
            "notification-url": "https://packagist.org/downloads/",
            "license": [
                "MIT"
            ],
            "authors": [
                {
                    "name": "Mathieu Lechat",
                    "email": "math.lechat@gmail.com",
                    "homepage": "http://matthecat.com",
                    "role": "Developer"
                }
            ],
            "description": "Extract colors from an image as a human would do.",
            "homepage": "https://github.com/thephpleague/color-extractor",
            "keywords": [
                "color",
                "extract",
                "human",
                "image",
                "palette"
            ],
            "time": "2016-12-15T09:30:02+00:00"
        },
        {
            "name": "michelf/php-smartypants",
            "version": "1.8.1",
            "source": {
                "type": "git",
                "url": "https://github.com/michelf/php-smartypants.git",
                "reference": "47d17c90a4dfd0ccf1f87e25c65e6c8012415aad"
            },
            "dist": {
                "type": "zip",
                "url": "https://api.github.com/repos/michelf/php-smartypants/zipball/47d17c90a4dfd0ccf1f87e25c65e6c8012415aad",
                "reference": "47d17c90a4dfd0ccf1f87e25c65e6c8012415aad",
                "shasum": ""
            },
            "require": {
                "php": ">=5.3.0"
            },
            "type": "library",
            "autoload": {
                "psr-0": {
                    "Michelf": ""
                }
            },
            "notification-url": "https://packagist.org/downloads/",
            "license": [
                "BSD-3-Clause"
            ],
            "authors": [
                {
                    "name": "Michel Fortin",
                    "email": "michel.fortin@michelf.ca",
                    "homepage": "https://michelf.ca/",
                    "role": "Developer"
                },
                {
                    "name": "John Gruber",
                    "homepage": "https://daringfireball.net/"
                }
            ],
            "description": "PHP SmartyPants",
            "homepage": "https://michelf.ca/projects/php-smartypants/",
            "keywords": [
                "dashes",
                "quotes",
                "spaces",
                "typographer",
                "typography"
            ],
            "time": "2016-12-13T01:01:17+00:00"
        },
        {
            "name": "mustangostang/spyc",
            "version": "0.6.2",
            "source": {
                "type": "git",
                "url": "https://github.com/mustangostang/spyc.git",
                "reference": "23c35ae854d835f2d7bcc3e3ad743d7e57a8c14d"
            },
            "dist": {
                "type": "zip",
                "url": "https://api.github.com/repos/mustangostang/spyc/zipball/23c35ae854d835f2d7bcc3e3ad743d7e57a8c14d",
                "reference": "23c35ae854d835f2d7bcc3e3ad743d7e57a8c14d",
                "shasum": ""
            },
            "require": {
                "php": ">=5.3.1"
            },
            "require-dev": {
                "phpunit/phpunit": "4.3.*@dev"
            },
            "type": "library",
            "extra": {
                "branch-alias": {
                    "dev-master": "0.5.x-dev"
                }
            },
            "autoload": {
                "files": [
                    "Spyc.php"
                ]
            },
            "notification-url": "https://packagist.org/downloads/",
            "license": [
                "MIT"
            ],
            "authors": [
                {
                    "name": "mustangostang",
                    "email": "vlad.andersen@gmail.com"
                }
            ],
            "description": "A simple YAML loader/dumper class for PHP",
            "homepage": "https://github.com/mustangostang/spyc/",
            "keywords": [
                "spyc",
                "yaml",
                "yml"
            ],
            "time": "2017-02-24T16:06:33+00:00"
        },
        {
            "name": "phpmailer/phpmailer",
            "version": "v6.0.7",
            "source": {
                "type": "git",
                "url": "https://github.com/PHPMailer/PHPMailer.git",
                "reference": "0c41a36d4508d470e376498c1c0c527aa36a2d59"
            },
            "dist": {
                "type": "zip",
                "url": "https://api.github.com/repos/PHPMailer/PHPMailer/zipball/0c41a36d4508d470e376498c1c0c527aa36a2d59",
                "reference": "0c41a36d4508d470e376498c1c0c527aa36a2d59",
                "shasum": ""
            },
            "require": {
                "ext-ctype": "*",
                "ext-filter": "*",
                "php": ">=5.5.0"
            },
            "require-dev": {
                "doctrine/annotations": "1.2.*",
                "friendsofphp/php-cs-fixer": "^2.2",
                "phpdocumentor/phpdocumentor": "2.*",
                "phpunit/phpunit": "^4.8 || ^5.7",
                "zendframework/zend-eventmanager": "3.0.*",
                "zendframework/zend-i18n": "2.7.3",
                "zendframework/zend-serializer": "2.7.*"
            },
            "suggest": {
                "ext-mbstring": "Needed to send email in multibyte encoding charset",
                "hayageek/oauth2-yahoo": "Needed for Yahoo XOAUTH2 authentication",
                "league/oauth2-google": "Needed for Google XOAUTH2 authentication",
                "psr/log": "For optional PSR-3 debug logging",
                "stevenmaguire/oauth2-microsoft": "Needed for Microsoft XOAUTH2 authentication",
                "symfony/polyfill-mbstring": "To support UTF-8 if the Mbstring PHP extension is not enabled (^1.2)"
            },
            "type": "library",
            "autoload": {
                "psr-4": {
                    "PHPMailer\\PHPMailer\\": "src/"
                }
            },
            "notification-url": "https://packagist.org/downloads/",
            "license": [
                "LGPL-2.1"
            ],
            "authors": [
                {
                    "name": "Jim Jagielski",
                    "email": "jimjag@gmail.com"
                },
                {
                    "name": "Marcus Bointon",
                    "email": "phpmailer@synchromedia.co.uk"
                },
                {
                    "name": "Andy Prevost",
                    "email": "codeworxtech@users.sourceforge.net"
                },
                {
                    "name": "Brent R. Matzelle"
                }
            ],
            "description": "PHPMailer is a full-featured email creation and transfer class for PHP",
            "time": "2019-02-01T15:04:28+00:00"
        },
        {
            "name": "psr/log",
            "version": "1.1.2",
            "source": {
                "type": "git",
                "url": "https://github.com/php-fig/log.git",
                "reference": "446d54b4cb6bf489fc9d75f55843658e6f25d801"
            },
            "dist": {
                "type": "zip",
                "url": "https://api.github.com/repos/php-fig/log/zipball/446d54b4cb6bf489fc9d75f55843658e6f25d801",
                "reference": "446d54b4cb6bf489fc9d75f55843658e6f25d801",
                "shasum": ""
            },
            "require": {
                "php": ">=5.3.0"
            },
            "type": "library",
            "extra": {
                "branch-alias": {
                    "dev-master": "1.1.x-dev"
                }
            },
            "autoload": {
                "psr-4": {
                    "Psr\\Log\\": "Psr/Log/"
                }
            },
            "notification-url": "https://packagist.org/downloads/",
            "license": [
                "MIT"
            ],
            "authors": [
                {
                    "name": "PHP-FIG",
                    "homepage": "http://www.php-fig.org/"
                }
            ],
            "description": "Common interface for logging libraries",
            "homepage": "https://github.com/php-fig/log",
            "keywords": [
                "log",
                "psr",
                "psr-3"
            ],
            "time": "2019-11-01T11:05:21+00:00"
        },
        {
            "name": "schnti/autoresize",
            "version": "0.1.2",
            "source": {
                "type": "git",
                "url": "https://github.com/schnti/kirby3-autoresize.git",
                "reference": "80aa851548d6c3f69dbfc2fd618b2ff40081618b"
            },
            "dist": {
                "type": "zip",
                "url": "https://api.github.com/repos/schnti/kirby3-autoresize/zipball/80aa851548d6c3f69dbfc2fd618b2ff40081618b",
                "reference": "80aa851548d6c3f69dbfc2fd618b2ff40081618b",
                "shasum": ""
            },
            "require": {
                "getkirby/composer-installer": "^1.1"
            },
            "type": "kirby-plugin",
            "extra": {
                "installer-name": "autoresize"
            },
            "notification-url": "https://packagist.org/downloads/",
            "license": [
                "MIT"
            ],
            "authors": [
                {
                    "name": "Timo Schneider",
                    "email": "info@kleiner-als.de",
                    "homepage": "https://kleiner-als.de"
                }
            ],
            "description": "Kirby Autoresize Plugin",
            "keywords": [
                "kirby3",
                "kirby3-cms",
                "kirby3-plugin"
            ],
            "time": "2019-03-24T21:40:56+00:00"
        },
        {
            "name": "schnti/cachebuster",
            "version": "1.0.2",
            "source": {
                "type": "git",
                "url": "https://github.com/schnti/kirby3-cachebuster.git",
                "reference": "2bf22c21d9297190cccf818a26ea5cc05a09c089"
            },
            "dist": {
                "type": "zip",
                "url": "https://api.github.com/repos/schnti/kirby3-cachebuster/zipball/2bf22c21d9297190cccf818a26ea5cc05a09c089",
                "reference": "2bf22c21d9297190cccf818a26ea5cc05a09c089",
                "shasum": ""
            },
            "require": {
                "getkirby/composer-installer": "^1.1"
            },
            "type": "kirby-plugin",
            "extra": {
                "installer-name": "cachebuster"
            },
            "notification-url": "https://packagist.org/downloads/",
            "license": [
                "MIT"
            ],
            "authors": [
                {
                    "name": "Timo Schneider",
                    "email": "info@kleiner-als.de",
                    "homepage": "https://kleiner-als.de"
                }
            ],
            "description": "Kirby 3 Cachebuster Plugin",
            "keywords": [
                "kirby3",
                "kirby3-cms",
                "kirby3-plugin"
            ],
            "time": "2019-04-14T18:04:47+00:00"
        },
        {
            "name": "schnti/legal",
            "version": "0.1.1",
            "source": {
                "type": "git",
                "url": "https://github.com/schnti/kirby3-legal.git",
                "reference": "0a584e271cb122a6ca2de042ce7640e6cf5e77f4"
            },
            "dist": {
                "type": "zip",
                "url": "https://api.github.com/repos/schnti/kirby3-legal/zipball/0a584e271cb122a6ca2de042ce7640e6cf5e77f4",
                "reference": "0a584e271cb122a6ca2de042ce7640e6cf5e77f4",
                "shasum": ""
            },
            "require": {
                "getkirby/composer-installer": "^1.1"
            },
            "type": "kirby-plugin",
            "extra": {
                "installer-name": "legal"
            },
            "notification-url": "https://packagist.org/downloads/",
            "license": [
                "MIT"
            ],
            "authors": [
                {
                    "name": "Timo Schneider",
                    "email": "info@kleiner-als.de",
                    "homepage": "https://kleiner-als.de"
                }
            ],
            "description": "kirby legal plugin",
            "keywords": [
                "kirby3",
                "kirby3-cms",
                "kirby3-plugin"
            ],
            "time": "2020-01-31T09:36:37+00:00"
        },
        {
            "name": "schnti/photoswipe",
            "version": "0.1.0",
            "source": {
                "type": "git",
                "url": "https://github.com/schnti/kirby3-photoswipe.git",
                "reference": "5a192bdf24ff58481a8a9b716fa1a08c0882e62b"
            },
            "dist": {
                "type": "zip",
                "url": "https://api.github.com/repos/schnti/kirby3-photoswipe/zipball/5a192bdf24ff58481a8a9b716fa1a08c0882e62b",
                "reference": "5a192bdf24ff58481a8a9b716fa1a08c0882e62b",
                "shasum": ""
            },
            "require": {
                "getkirby/composer-installer": "^1.1"
            },
            "type": "kirby-plugin",
            "extra": {
                "installer-name": "photoswipe"
            },
            "notification-url": "https://packagist.org/downloads/",
            "license": [
                "MIT"
            ],
            "authors": [
                {
                    "name": "Timo Schneider",
                    "email": "info@kleiner-als.de",
                    "homepage": "https://kleiner-als.de"
                }
            ],
            "description": "kirby photoswipe plugin",
            "keywords": [
                "kirby3",
                "kirby3-cms",
                "kirby3-plugin"
            ],
            "time": "2019-03-24T21:17:23+00:00"
        },
        {
            "name": "schnti/robots",
            "version": "0.1.0",
            "source": {
                "type": "git",
                "url": "https://github.com/schnti/kirby3-robots.git",
                "reference": "4bfc5a32e71e039a26ce4d97bbc66134e0ee6ad0"
            },
            "dist": {
                "type": "zip",
                "url": "https://api.github.com/repos/schnti/kirby3-robots/zipball/4bfc5a32e71e039a26ce4d97bbc66134e0ee6ad0",
                "reference": "4bfc5a32e71e039a26ce4d97bbc66134e0ee6ad0",
                "shasum": ""
            },
            "require": {
                "getkirby/composer-installer": "^1.1"
            },
            "type": "kirby-plugin",
            "extra": {
                "installer-name": "robots"
            },
            "notification-url": "https://packagist.org/downloads/",
            "license": [
                "MIT"
            ],
            "authors": [
                {
                    "name": "Timo Schneider",
                    "email": "info@kleiner-als.de",
                    "homepage": "https://kleiner-als.de"
                }
            ],
            "description": "simple kirby robots.txt plugin",
            "keywords": [
                "kirby3",
                "kirby3-cms",
                "kirby3-plugin"
            ],
            "time": "2019-11-29T11:35:55+00:00"
        },
        {
            "name": "schnti/sitemap",
            "version": "1.1.1",
            "source": {
                "type": "git",
                "url": "https://github.com/schnti/kirby3-sitemap.git",
                "reference": "11dff2a4d8737354580a8b1cf1b2ed7b2be0cb10"
            },
            "dist": {
                "type": "zip",
                "url": "https://api.github.com/repos/schnti/kirby3-sitemap/zipball/11dff2a4d8737354580a8b1cf1b2ed7b2be0cb10",
                "reference": "11dff2a4d8737354580a8b1cf1b2ed7b2be0cb10",
                "shasum": ""
            },
            "require": {
                "getkirby/composer-installer": "^1.1"
            },
            "type": "kirby-plugin",
            "extra": {
                "installer-name": "sitemap"
            },
            "notification-url": "https://packagist.org/downloads/",
            "license": [
                "MIT"
            ],
            "authors": [
                {
                    "name": "Timo Schneider",
                    "email": "info@kleiner-als.de",
                    "homepage": "https://kleiner-als.de"
                }
            ],
            "description": "kirby sitemap plugin",
            "keywords": [
                "kirby3",
                "kirby3-cms",
                "kirby3-plugin"
            ],
            "time": "2019-04-14T20:38:39+00:00"
        },
        {
            "name": "symfony/polyfill-mbstring",
            "version": "v1.14.0",
            "source": {
                "type": "git",
                "url": "https://github.com/symfony/polyfill-mbstring.git",
                "reference": "34094cfa9abe1f0f14f48f490772db7a775559f2"
            },
            "dist": {
                "type": "zip",
                "url": "https://api.github.com/repos/symfony/polyfill-mbstring/zipball/34094cfa9abe1f0f14f48f490772db7a775559f2",
                "reference": "34094cfa9abe1f0f14f48f490772db7a775559f2",
                "shasum": ""
            },
            "require": {
                "php": ">=5.3.3"
            },
            "suggest": {
                "ext-mbstring": "For best performance"
            },
            "type": "library",
            "extra": {
                "branch-alias": {
                    "dev-master": "1.14-dev"
                }
            },
            "autoload": {
                "psr-4": {
                    "Symfony\\Polyfill\\Mbstring\\": ""
                },
                "files": [
                    "bootstrap.php"
                ]
            },
            "notification-url": "https://packagist.org/downloads/",
            "license": [
                "MIT"
            ],
            "authors": [
                {
                    "name": "Nicolas Grekas",
                    "email": "p@tchwork.com"
                },
                {
                    "name": "Symfony Community",
                    "homepage": "https://symfony.com/contributors"
                }
            ],
            "description": "Symfony polyfill for the Mbstring extension",
            "homepage": "https://symfony.com",
            "keywords": [
                "compatibility",
                "mbstring",
                "polyfill",
                "portable",
                "shim"
            ],
            "time": "2020-01-13T11:15:53+00:00"
        },
        {
            "name": "true/punycode",
            "version": "v2.1.1",
            "source": {
                "type": "git",
                "url": "https://github.com/true/php-punycode.git",
                "reference": "a4d0c11a36dd7f4e7cd7096076cab6d3378a071e"
            },
            "dist": {
                "type": "zip",
                "url": "https://api.github.com/repos/true/php-punycode/zipball/a4d0c11a36dd7f4e7cd7096076cab6d3378a071e",
                "reference": "a4d0c11a36dd7f4e7cd7096076cab6d3378a071e",
                "shasum": ""
            },
            "require": {
                "php": ">=5.3.0",
                "symfony/polyfill-mbstring": "^1.3"
            },
            "require-dev": {
                "phpunit/phpunit": "~4.7",
                "squizlabs/php_codesniffer": "~2.0"
            },
            "type": "library",
            "autoload": {
                "psr-4": {
                    "TrueBV\\": "src/"
                }
            },
            "notification-url": "https://packagist.org/downloads/",
            "license": [
                "MIT"
            ],
            "authors": [
                {
                    "name": "Renan Gonçalves",
                    "email": "renan.saddam@gmail.com"
                }
            ],
            "description": "A Bootstring encoding of Unicode for Internationalized Domain Names in Applications (IDNA)",
            "homepage": "https://github.com/true/php-punycode",
            "keywords": [
                "idna",
                "punycode"
            ],
            "time": "2016-11-16T10:37:54+00:00"
        }
    ],
    "packages-dev": [],
    "aliases": [],
    "minimum-stability": "stable",
    "stability-flags": [],
    "prefer-stable": false,
    "prefer-lowest": false,
    "platform": {
        "php": ">=7.1.0"
    },
    "platform-dev": []
}
